
Microsoft Visual Studio Solution File, Format Version 12.00
Project("{FAE04EC0-301F-11D3-BF4B-00C04F79EFBC}") = "BV212_EF.NET_ADO", "BV212_EF.NET_ADO\BV212_EF.NET_ADO.csproj", "{D0D710B6-F375-41C0-AEBF-94B0D4C48B3E}"
EndProject
Global
	GlobalSection(SolutionConfigurationPlatforms) = preSolution
		Debug|Any CPU = Debug|Any CPU
		Release|Any CPU = Release|Any CPU
	EndGlobalSection
	GlobalSection(ProjectConfigurationPlatforms) = postSolution
		{D0D710B6-F375-41C0-AEBF-94B0D4C48B3E}.Debug|Any CPU.ActiveCfg = Debug|Any CPU
		{D0D710B6-F375-41C0-AEBF-94B0D4C48B3E}.Debug|Any CPU.Build.0 = Debug|Any CPU
		{D0D710B6-F375-41C0-AEBF-94B0D4C48B3E}.Release|Any CPU.ActiveCfg = Release|Any CPU
		{D0D710B6-F375-41C0-AEBF-94B0D4C48B3E}.Release|Any CPU.Build.0 = Release|Any CPU
	EndGlobalSection
EndGlobal
